
Microsoft Visual Studio Solution File, Format Version 12.00
# Visual Studio Version 17
VisualStudioVersion = 17.3.32825.248
MinimumVisualStudioVersion = 10.0.40219.1
Project("{FAE04EC0-301F-11D3-BF4B-00C04F79EFBC}") = "LINGOOOOOOOOOOOOOOOOOOO", "LINGOOOOOOOOOOOOOOOOOOO\LINGOOOOOOOOOOOOOOOOOOO.csproj", "{6147FD94-FF89-4F23-81D9-03325DBF34A8}"
EndProject
Global
	GlobalSection(SolutionConfigurationPlatforms) = preSolution
		Debug|Any CPU = Debug|Any CPU
		Release|Any CPU = Release|Any CPU
	EndGlobalSection
	GlobalSection(ProjectConfigurationPlatforms) = postSolution
		{6147FD94-FF89-4F23-81D9-03325DBF34A8}.Debug|Any CPU.ActiveCfg = Debug|Any CPU
		{6147FD94-FF89-4F23-81D9-03325DBF34A8}.Debug|Any CPU.Build.0 = Debug|Any CPU
		{6147FD94-FF89-4F23-81D9-03325DBF34A8}.Release|Any CPU.ActiveCfg = Release|Any CPU
		{6147FD94-FF89-4F23-81D9-03325DBF34A8}.Release|Any CPU.Build.0 = Release|Any CPU
	EndGlobalSection
	GlobalSection(SolutionProperties) = preSolution
		HideSolutionNode = FALSE
	EndGlobalSection
	GlobalSection(ExtensibilityGlobals) = postSolution
		SolutionGuid = {A999E5F7-9B38-4193-B786-CD212CA720A9}
	EndGlobalSection
EndGlobal
